
Microsoft Visual Studio Solution File, Format Version 12.00
# Visual Studio 15
Project("{FAE04EC0-301F-11D3-BF4B-00C04F79EFBC}") = "Unity.Timeline", "Unity.Timeline.csproj", "{40C93C00-1CA1-0BE0-11F9-88CE4FA23B43}"
EndProject
Project("{FAE04EC0-301F-11D3-BF4B-00C04F79EFBC}") = "Unity.Timeline.Editor", "Unity.Timeline.Editor.csproj", "{03718ECB-7DB5-D03E-846A-DB46D60F75A1}"
EndProject
Project("{FAE04EC0-301F-11D3-BF4B-00C04F79EFBC}") = "Unity.TextMeshPro.Editor", "Unity.TextMeshPro.Editor.csproj", "{055309C1-58B5-9C97-CECF-19C5EA7C42B2}"
EndProject
Project("{FAE04EC0-301F-11D3-BF4B-00C04F79EFBC}") = "Unity.VisualScripting.Flow", "Unity.VisualScripting.Flow.csproj", "{E8D22345-7F92-94D7-B40B-FBAA980BF005}"
EndProject
Project("{FAE04EC0-301F-11D3-BF4B-00C04F79EFBC}") = "Unity.PlasticSCM.Editor", "Unity.PlasticSCM.Editor.csproj", "{DB035B01-1835-B352-C8E5-DEA9A58067EF}"
EndProject
Project("{FAE04EC0-301F-11D3-BF4B-00C04F79EFBC}") = "Unity.VisualScripting.Core", "Unity.VisualScripting.Core.csproj", "{17C35431-442B-A809-AE67-52B6211CB69D}"
EndProject
Project("{FAE04EC0-301F-11D3-BF4B-00C04F79EFBC}") = "Unity.VisualScripting.Core.Editor", "Unity.VisualScripting.Core.Editor.csproj", "{90B4E133-F674-1424-686E-7E654C20149B}"
EndProject
Project("{FAE04EC0-301F-11D3-BF4B-00C04F79EFBC}") = "Unity.VisualScripting.Flow.Editor", "Unity.VisualScripting.Flow.Editor.csproj", "{A0FC71BC-5291-DCF5-FC1D-522B35E72EE8}"
EndProject
Project("{FAE04EC0-301F-11D3-BF4B-00C04F79EFBC}") = "UnityEditor.TestRunner", "UnityEditor.TestRunner.csproj", "{DBEC7B8D-2C38-1D55-8C51-943D8A15989B}"
EndProject
Project("{FAE04EC0-301F-11D3-BF4B-00C04F79EFBC}") = "Unity.VisualScripting.SettingsProvider.Editor", "Unity.VisualScripting.SettingsProvider.Editor.csproj", "{E72082FE-F6FC-4773-C9A6-C1699772CF8D}"
EndProject
Project("{FAE04EC0-301F-11D3-BF4B-00C04F79EFBC}") = "UnityEngine.TestRunner", "UnityEngine.TestRunner.csproj", "{00C53C58-0556-5ACA-02CD-F8B4FBC5116F}"
EndProject
Project("{FAE04EC0-301F-11D3-BF4B-00C04F79EFBC}") = "Unity.AI.Navigation.Editor", "Unity.AI.Navigation.Editor.csproj", "{B930026A-086A-7088-C338-46CDC81FBB78}"
EndProject
Project("{FAE04EC0-301F-11D3-BF4B-00C04F79EFBC}") = "Unity.VisualStudio.Editor", "Unity.VisualStudio.Editor.csproj", "{651F9067-0EC0-1AD2-07F5-BB5494745FED}"
EndProject
Project("{FAE04EC0-301F-11D3-BF4B-00C04F79EFBC}") = "Unity.TestTools.CodeCoverage.Editor.OpenCover.Model", "Unity.TestTools.CodeCoverage.Editor.OpenCover.Model.csproj", "{29F0B43F-1106-CFAC-D61C-8F26B265829C}"
EndProject
Project("{FAE04EC0-301F-11D3-BF4B-00C04F79EFBC}") = "Unity.Rider.Editor", "Unity.Rider.Editor.csproj", "{4619C41E-6D29-A501-68F7-4968B3631DCF}"
EndProject
Project("{FAE04EC0-301F-11D3-BF4B-00C04F79EFBC}") = "Unity.AI.Navigation", "Unity.AI.Navigation.csproj", "{20AEA684-E088-5777-A7B2-C82C518E36CE}"
EndProject
Project("{FAE04EC0-301F-11D3-BF4B-00C04F79EFBC}") = "Unity.AI.Navigation.Editor.ConversionSystem", "Unity.AI.Navigation.Editor.ConversionSystem.csproj", "{ECA09303-11B3-2894-AF08-0F351FE9D583}"
EndProject
Project("{FAE04EC0-301F-11D3-BF4B-00C04F79EFBC}") = "Unity.VisualScripting.State.Editor", "Unity.VisualScripting.State.Editor.csproj", "{29CD13EE-EB1E-A38B-95B8-861235A62189}"
EndProject
Project("{FAE04EC0-301F-11D3-BF4B-00C04F79EFBC}") = "Unity.TestTools.CodeCoverage.Editor", "Unity.TestTools.CodeCoverage.Editor.csproj", "{8E1E5173-B963-E9A0-87F6-7426492A15B9}"
EndProject
Project("{FAE04EC0-301F-11D3-BF4B-00C04F79EFBC}") = "Unity.VisualScripting.State", "Unity.VisualScripting.State.csproj", "{715FF6E1-EECC-5D07-1CA0-6B05445D4119}"
EndProject
Project("{FAE04EC0-301F-11D3-BF4B-00C04F79EFBC}") = "Unity.TextMeshPro", "Unity.TextMeshPro.csproj", "{AA50F58D-274B-A5BB-99DC-8BB5B604EF48}"
EndProject
Project("{FAE04EC0-301F-11D3-BF4B-00C04F79EFBC}") = "Unity.Performance.Profile-Analyzer.Editor", "Unity.Performance.Profile-Analyzer.Editor.csproj", "{2E6A3B7F-DBDE-518B-BD1F-728F19559B96}"
EndProject
Project("{FAE04EC0-301F-11D3-BF4B-00C04F79EFBC}") = "Unity.VSCode.Editor", "Unity.VSCode.Editor.csproj", "{9F7922DF-B48F-F383-F5F4-006872F116F7}"
EndProject
Project("{FAE04EC0-301F-11D3-BF4B-00C04F79EFBC}") = "Unity.TestTools.CodeCoverage.Editor.OpenCover.Mono.Reflection", "Unity.TestTools.CodeCoverage.Editor.OpenCover.Mono.Reflection.csproj", "{1C05C559-AD8B-6910-97BC-335CBFEC54D2}"
EndProject
Project("{FAE04EC0-301F-11D3-BF4B-00C04F79EFBC}") = "Unity.AI.Navigation.Updater", "Unity.AI.Navigation.Updater.csproj", "{B2D67752-C1F9-BA15-69F7-06E79ECE2FEE}"
EndProject
Project("{FAE04EC0-301F-11D3-BF4B-00C04F79EFBC}") = "Assembly-CSharp", "Assembly-CSharp.csproj", "{F7E96C0C-9DF7-DD56-828C-2DE718453D6D}"
EndProject
Project("{FAE04EC0-301F-11D3-BF4B-00C04F79EFBC}") = "Unity.Settings.Editor", "Unity.Settings.Editor.csproj", "{D7A0AA14-6DEF-05E8-76DD-FDB04F8DCC5F}"
EndProject
Project("{FAE04EC0-301F-11D3-BF4B-00C04F79EFBC}") = "Unity.EditorCoroutines.Editor", "Unity.EditorCoroutines.Editor.csproj", "{C8453176-B1B2-659A-12F2-33D862105D93}"
EndProject
Project("{FAE04EC0-301F-11D3-BF4B-00C04F79EFBC}") = "Unity.VisualScripting.Shared.Editor", "Unity.VisualScripting.Shared.Editor.csproj", "{5C3165A1-6BE4-EF40-BDAC-27E88FD3D350}"
EndProject
Project("{FAE04EC0-301F-11D3-BF4B-00C04F79EFBC}") = "Unity.CollabProxy.Editor", "Unity.CollabProxy.Editor.csproj", "{00998815-3886-16E1-86AC-BEA6DE5353C5}"
EndProject
Global
	GlobalSection(SolutionConfigurationPlatforms) = preSolution
		Debug|Any CPU = Debug|Any CPU
		Release|Any CPU = Release|Any CPU
	EndGlobalSection
	GlobalSection(ProjectConfigurationPlatforms) = postSolution
		{40C93C00-1CA1-0BE0-11F9-88CE4FA23B43}.Debug|Any CPU.ActiveCfg = Debug|Any CPU
		{40C93C00-1CA1-0BE0-11F9-88CE4FA23B43}.Debug|Any CPU.Build.0 = Debug|Any CPU
		{40C93C00-1CA1-0BE0-11F9-88CE4FA23B43}.Release|Any CPU.ActiveCfg = Release|Any CPU
		{40C93C00-1CA1-0BE0-11F9-88CE4FA23B43}.Release|Any CPU.Build.0 = Release|Any CPU
		{03718ECB-7DB5-D03E-846A-DB46D60F75A1}.Debug|Any CPU.ActiveCfg = Debug|Any CPU
		{03718ECB-7DB5-D03E-846A-DB46D60F75A1}.Debug|Any CPU.Build.0 = Debug|Any CPU
		{03718ECB-7DB5-D03E-846A-DB46D60F75A1}.Release|Any CPU.ActiveCfg = Release|Any CPU
		{03718ECB-7DB5-D03E-846A-DB46D60F75A1}.Release|Any CPU.Build.0 = Release|Any CPU
		{055309C1-58B5-9C97-CECF-19C5EA7C42B2}.Debug|Any CPU.ActiveCfg = Debug|Any CPU
		{055309C1-58B5-9C97-CECF-19C5EA7C42B2}.Debug|Any CPU.Build.0 = Debug|Any CPU
		{055309C1-58B5-9C97-CECF-19C5EA7C42B2}.Release|Any CPU.ActiveCfg = Release|Any CPU
		{055309C1-58B5-9C97-CECF-19C5EA7C42B2}.Release|Any CPU.Build.0 = Release|Any CPU
		{E8D22345-7F92-94D7-B40B-FBAA980BF005}.Debug|Any CPU.ActiveCfg = Debug|Any CPU
		{E8D22345-7F92-94D7-B40B-FBAA980BF005}.Debug|Any CPU.Build.0 = Debug|Any CPU
		{E8D22345-7F92-94D7-B40B-FBAA980BF005}.Release|Any CPU.ActiveCfg = Release|Any CPU
		{E8D22345-7F92-94D7-B40B-FBAA980BF005}.Release|Any CPU.Build.0 = Release|Any CPU
		{DB035B01-1835-B352-C8E5-DEA9A58067EF}.Debug|Any CPU.ActiveCfg = Debug|Any CPU
		{DB035B01-1835-B352-C8E5-DEA9A58067EF}.Debug|Any CPU.Build.0 = Debug|Any CPU
		{DB035B01-1835-B352-C8E5-DEA9A58067EF}.Release|Any CPU.ActiveCfg = Release|Any CPU
		{DB035B01-1835-B352-C8E5-DEA9A58067EF}.Release|Any CPU.Build.0 = Release|Any CPU
		{17C35431-442B-A809-AE67-52B6211CB69D}.Debug|Any CPU.ActiveCfg = Debug|Any CPU
		{17C35431-442B-A809-AE67-52B6211CB69D}.Debug|Any CPU.Build.0 = Debug|Any CPU
		{17C35431-442B-A809-AE67-52B6211CB69D}.Release|Any CPU.ActiveCfg = Release|Any CPU
		{17C35431-442B-A809-AE67-52B6211CB69D}.Release|Any CPU.Build.0 = Release|Any CPU
		{90B4E133-F674-1424-686E-7E654C20149B}.Debug|Any CPU.ActiveCfg = Debug|Any CPU
		{90B4E133-F674-1424-686E-7E654C20149B}.Debug|Any CPU.Build.0 = Debug|Any CPU
		{90B4E133-F674-1424-686E-7E654C20149B}.Release|Any CPU.ActiveCfg = Release|Any CPU
		{90B4E133-F674-1424-686E-7E654C20149B}.Release|Any CPU.Build.0 = Release|Any CPU
		{A0FC71BC-5291-DCF5-FC1D-522B35E72EE8}.Debug|Any CPU.ActiveCfg = Debug|Any CPU
		{A0FC71BC-5291-DCF5-FC1D-522B35E72EE8}.Debug|Any CPU.Build.0 = Debug|Any CPU
		{A0FC71BC-5291-DCF5-FC1D-522B35E72EE8}.Release|Any CPU.ActiveCfg = Release|Any CPU
		{A0FC71BC-5291-DCF5-FC1D-522B35E72EE8}.Release|Any CPU.Build.0 = Release|Any CPU
		{DBEC7B8D-2C38-1D55-8C51-943D8A15989B}.Debug|Any CPU.ActiveCfg = Debug|Any CPU
		{DBEC7B8D-2C38-1D55-8C51-943D8A15989B}.Debug|Any CPU.Build.0 = Debug|Any CPU
		{DBEC7B8D-2C38-1D55-8C51-943D8A15989B}.Release|Any CPU.ActiveCfg = Release|Any CPU
		{DBEC7B8D-2C38-1D55-8C51-943D8A15989B}.Release|Any CPU.Build.0 = Release|Any CPU
		{E72082FE-F6FC-4773-C9A6-C1699772CF8D}.Debug|Any CPU.ActiveCfg = Debug|Any CPU
		{E72082FE-F6FC-4773-C9A6-C1699772CF8D}.Debug|Any CPU.Build.0 = Debug|Any CPU
		{E72082FE-F6FC-4773-C9A6-C1699772CF8D}.Release|Any CPU.ActiveCfg = Release|Any CPU
		{E72082FE-F6FC-4773-C9A6-C1699772CF8D}.Release|Any CPU.Build.0 = Release|Any CPU
		{00C53C58-0556-5ACA-02CD-F8B4FBC5116F}.Debug|Any CPU.ActiveCfg = Debug|Any CPU
		{00C53C58-0556-5ACA-02CD-F8B4FBC5116F}.Debug|Any CPU.Build.0 = Debug|Any CPU
		{00C53C58-0556-5ACA-02CD-F8B4FBC5116F}.Release|Any CPU.ActiveCfg = Release|Any CPU
		{00C53C58-0556-5ACA-02CD-F8B4FBC5116F}.Release|Any CPU.Build.0 = Release|Any CPU
		{B930026A-086A-7088-C338-46CDC81FBB78}.Debug|Any CPU.ActiveCfg = Debug|Any CPU
		{B930026A-086A-7088-C338-46CDC81FBB78}.Debug|Any CPU.Build.0 = Debug|Any CPU
		{B930026A-086A-7088-C338-46CDC81FBB78}.Release|Any CPU.ActiveCfg = Release|Any CPU
		{B930026A-086A-7088-C338-46CDC81FBB78}.Release|Any CPU.Build.0 = Release|Any CPU
		{651F9067-0EC0-1AD2-07F5-BB5494745FED}.Debug|Any CPU.ActiveCfg = Debug|Any CPU
		{651F9067-0EC0-1AD2-07F5-BB5494745FED}.Debug|Any CPU.Build.0 = Debug|Any CPU
		{651F9067-0EC0-1AD2-07F5-BB5494745FED}.Release|Any CPU.ActiveCfg = Release|Any CPU
		{651F9067-0EC0-1AD2-07F5-BB5494745FED}.Release|Any CPU.Build.0 = Release|Any CPU
		{29F0B43F-1106-CFAC-D61C-8F26B265829C}.Debug|Any CPU.ActiveCfg = Debug|Any CPU
		{29F0B43F-1106-CFAC-D61C-8F26B265829C}.Debug|Any CPU.Build.0 = Debug|Any CPU
		{29F0B43F-1106-CFAC-D61C-8F26B265829C}.Release|Any CPU.ActiveCfg = Release|Any CPU
		{29F0B43F-1106-CFAC-D61C-8F26B265829C}.Release|Any CPU.Build.0 = Release|Any CPU
		{4619C41E-6D29-A501-68F7-4968B3631DCF}.Debug|Any CPU.ActiveCfg = Debug|Any CPU
		{4619C41E-6D29-A501-68F7-4968B3631DCF}.Debug|Any CPU.Build.0 = Debug|Any CPU
		{4619C41E-6D29-A501-68F7-4968B3631DCF}.Release|Any CPU.ActiveCfg = Release|Any CPU
		{4619C41E-6D29-A501-68F7-4968B3631DCF}.Release|Any CPU.Build.0 = Release|Any CPU
		{20AEA684-E088-5777-A7B2-C82C518E36CE}.Debug|Any CPU.ActiveCfg = Debug|Any CPU
		{20AEA684-E088-5777-A7B2-C82C518E36CE}.Debug|Any CPU.Build.0 = Debug|Any CPU
		{20AEA684-E088-5777-A7B2-C82C518E36CE}.Release|Any CPU.ActiveCfg = Release|Any CPU
		{20AEA684-E088-5777-A7B2-C82C518E36CE}.Release|Any CPU.Build.0 = Release|Any CPU
		{ECA09303-11B3-2894-AF08-0F351FE9D583}.Debug|Any CPU.ActiveCfg = Debug|Any CPU
		{ECA09303-11B3-2894-AF08-0F351FE9D583}.Debug|Any CPU.Build.0 = Debug|Any CPU
		{ECA09303-11B3-2894-AF08-0F351FE9D583}.Release|Any CPU.ActiveCfg = Release|Any CPU
		{ECA09303-11B3-2894-AF08-0F351FE9D583}.Release|Any CPU.Build.0 = Release|Any CPU
		{29CD13EE-EB1E-A38B-95B8-861235A62189}.Debug|Any CPU.ActiveCfg = Debug|Any CPU
		{29CD13EE-EB1E-A38B-95B8-861235A62189}.Debug|Any CPU.Build.0 = Debug|Any CPU
		{29CD13EE-EB1E-A38B-95B8-861235A62189}.Release|Any CPU.ActiveCfg = Release|Any CPU
		{29CD13EE-EB1E-A38B-95B8-861235A62189}.Release|Any CPU.Build.0 = Release|Any CPU
		{8E1E5173-B963-E9A0-87F6-7426492A15B9}.Debug|Any CPU.ActiveCfg = Debug|Any CPU
		{8E1E5173-B963-E9A0-87F6-7426492A15B9}.Debug|Any CPU.Build.0 = Debug|Any CPU
		{8E1E5173-B963-E9A0-87F6-7426492A15B9}.Release|Any CPU.ActiveCfg = Release|Any CPU
		{8E1E5173-B963-E9A0-87F6-7426492A15B9}.Release|Any CPU.Build.0 = Release|Any CPU
		{715FF6E1-EECC-5D07-1CA0-6B05445D4119}.Debug|Any CPU.ActiveCfg = Debug|Any CPU
		{715FF6E1-EECC-5D07-1CA0-6B05445D4119}.Debug|Any CPU.Build.0 = Debug|Any CPU
		{715FF6E1-EECC-5D07-1CA0-6B05445D4119}.Release|Any CPU.ActiveCfg = Release|Any CPU
		{715FF6E1-EECC-5D07-1CA0-6B05445D4119}.Release|Any CPU.Build.0 = Release|Any CPU
		{AA50F58D-274B-A5BB-99DC-8BB5B604EF48}.Debug|Any CPU.ActiveCfg = Debug|Any CPU
		{AA50F58D-274B-A5BB-99DC-8BB5B604EF48}.Debug|Any CPU.Build.0 = Debug|Any CPU
		{AA50F58D-274B-A5BB-99DC-8BB5B604EF48}.Release|Any CPU.ActiveCfg = Release|Any CPU
		{AA50F58D-274B-A5BB-99DC-8BB5B604EF48}.Release|Any CPU.Build.0 = Release|Any CPU
		{2E6A3B7F-DBDE-518B-BD1F-728F19559B96}.Debug|Any CPU.ActiveCfg = Debug|Any CPU
		{2E6A3B7F-DBDE-518B-BD1F-728F19559B96}.Debug|Any CPU.Build.0 = Debug|Any CPU
		{2E6A3B7F-DBDE-518B-BD1F-728F19559B96}.Release|Any CPU.ActiveCfg = Release|Any CPU
		{2E6A3B7F-DBDE-518B-BD1F-728F19559B96}.Release|Any CPU.Build.0 = Release|Any CPU
		{9F7922DF-B48F-F383-F5F4-006872F116F7}.Debug|Any CPU.ActiveCfg = Debug|Any CPU
		{9F7922DF-B48F-F383-F5F4-006872F116F7}.Debug|Any CPU.Build.0 = Debug|Any CPU
		{9F7922DF-B48F-F383-F5F4-006872F116F7}.Release|Any CPU.ActiveCfg = Release|Any CPU
		{9F7922DF-B48F-F383-F5F4-006872F116F7}.Release|Any CPU.Build.0 = Release|Any CPU
		{1C05C559-AD8B-6910-97BC-335CBFEC54D2}.Debug|Any CPU.ActiveCfg = Debug|Any CPU
		{1C05C559-AD8B-6910-97BC-335CBFEC54D2}.Debug|Any CPU.Build.0 = Debug|Any CPU
		{1C05C559-AD8B-6910-97BC-335CBFEC54D2}.Release|Any CPU.ActiveCfg = Release|Any CPU
		{1C05C559-AD8B-6910-97BC-335CBFEC54D2}.Release|Any CPU.Build.0 = Release|Any CPU
		{B2D67752-C1F9-BA15-69F7-06E79ECE2FEE}.Debug|Any CPU.ActiveCfg = Debug|Any CPU
		{B2D67752-C1F9-BA15-69F7-06E79ECE2FEE}.Debug|Any CPU.Build.0 = Debug|Any CPU
		{B2D67752-C1F9-BA15-69F7-06E79ECE2FEE}.Release|Any CPU.ActiveCfg = Release|Any CPU
		{B2D67752-C1F9-BA15-69F7-06E79ECE2FEE}.Release|Any CPU.Build.0 = Release|Any CPU
		{F7E96C0C-9DF7-DD56-828C-2DE718453D6D}.Debug|Any CPU.ActiveCfg = Debug|Any CPU
		{F7E96C0C-9DF7-DD56-828C-2DE718453D6D}.Debug|Any CPU.Build.0 = Debug|Any CPU
		{F7E96C0C-9DF7-DD56-828C-2DE718453D6D}.Release|Any CPU.ActiveCfg = Release|Any CPU
		{F7E96C0C-9DF7-DD56-828C-2DE718453D6D}.Release|Any CPU.Build.0 = Release|Any CPU
		{D7A0AA14-6DEF-05E8-76DD-FDB04F8DCC5F}.Debug|Any CPU.ActiveCfg = Debug|Any CPU
		{D7A0AA14-6DEF-05E8-76DD-FDB04F8DCC5F}.Debug|Any CPU.Build.0 = Debug|Any CPU
		{D7A0AA14-6DEF-05E8-76DD-FDB04F8DCC5F}.Release|Any CPU.ActiveCfg = Release|Any CPU
		{D7A0AA14-6DEF-05E8-76DD-FDB04F8DCC5F}.Release|Any CPU.Build.0 = Release|Any CPU
		{C8453176-B1B2-659A-12F2-33D862105D93}.Debug|Any CPU.ActiveCfg = Debug|Any CPU
		{C8453176-B1B2-659A-12F2-33D862105D93}.Debug|Any CPU.Build.0 = Debug|Any CPU
		{C8453176-B1B2-659A-12F2-33D862105D93}.Release|Any CPU.ActiveCfg = Release|Any CPU
		{C8453176-B1B2-659A-12F2-33D862105D93}.Release|Any CPU.Build.0 = Release|Any CPU
		{5C3165A1-6BE4-EF40-BDAC-27E88FD3D350}.Debug|Any CPU.ActiveCfg = Debug|Any CPU
		{5C3165A1-6BE4-EF40-BDAC-27E88FD3D350}.Debug|Any CPU.Build.0 = Debug|Any CPU
		{5C3165A1-6BE4-EF40-BDAC-27E88FD3D350}.Release|Any CPU.ActiveCfg = Release|Any CPU
		{5C3165A1-6BE4-EF40-BDAC-27E88FD3D350}.Release|Any CPU.Build.0 = Release|Any CPU
		{00998815-3886-16E1-86AC-BEA6DE5353C5}.Debug|Any CPU.ActiveCfg = Debug|Any CPU
		{00998815-3886-16E1-86AC-BEA6DE5353C5}.Debug|Any CPU.Build.0 = Debug|Any CPU
		{00998815-3886-16E1-86AC-BEA6DE5353C5}.Release|Any CPU.ActiveCfg = Release|Any CPU
		{00998815-3886-16E1-86AC-BEA6DE5353C5}.Release|Any CPU.Build.0 = Release|Any CPU
	EndGlobalSection
	GlobalSection(SolutionProperties) = preSolution
		HideSolutionNode = FALSE
	EndGlobalSection
EndGlobal
